<?xml version="1.0" encoding="utf-8"?>
<Project ToolsVersion="4.0" xmlns="http://schemas.microsoft.com/developer/msbuild/2003">
  <ItemGroup>
    <Filter Include="リソース ファイル">
      <UniqueIdentifier>{67DA6AB6-F800-4c08-8B7A-83BB121AAD01}</UniqueIdentifier>
      <Extensions>rc;ico;cur;bmp;dlg;rc2;rct;bin;rgs;gif;jpg;jpeg;jpe;resx;tiff;tif;png;wav;mfcribbon-ms</Extensions>
    </Filter>
    <Filter Include="shader">
      <UniqueIdentifier>{0f72563d-09e3-4e90-b4a9-275973c887d5}</UniqueIdentifier>
    </Filter>
    <Filter Include="source_header">
      <UniqueIdentifier>{9fb4a075-8236-4d7e-a374-314ea26d3cd9}</UniqueIdentifier>
    </Filter>
    <Filter Include="source_header\core">
      <UniqueIdentifier>{844d76e1-7d95-4d3b-a2e0-ff5f2d4b20eb}</UniqueIdentifier>
    </Filter>
    <Filter Include="source_header\camera">
      <UniqueIdentifier>{ca22daa2-1c92-48b4-98e2-053ced6bc9fe}</UniqueIdentifier>
    </Filter>
    <Filter Include="source_header\lens">
      <UniqueIdentifier>{5da45772-1ea3-4275-a309-b4cc04add5bf}</UniqueIdentifier>
    </Filter>
    <Filter Include="source_header\effect">
      <UniqueIdentifier>{3d741839-db5c-47fc-aed2-a56e9a67232b}</UniqueIdentifier>
    </Filter>
    <Filter Include="source_header\object">
      <UniqueIdentifier>{036879d2-aa6d-43d1-99b3-59b2c77e117a}</UniqueIdentifier>
    </Filter>
    <Filter Include="source_header\__underground">
      <UniqueIdentifier>{916023e9-89c9-4c3d-afdd-2245008db5c9}</UniqueIdentifier>
    </Filter>
    <Filter Include="source_header\motion">
      <UniqueIdentifier>{8fd1710c-4a3e-4360-94eb-942bad3196c4}</UniqueIdentifier>
    </Filter>
    <Filter Include="external">
      <UniqueIdentifier>{5401abdb-4583-4425-8508-f5f21f71d9dc}</UniqueIdentifier>
    </Filter>
    <Filter Include="external\ASURA">
      <UniqueIdentifier>{06b471e9-7f17-45a4-a19a-200ff2ca22e5}</UniqueIdentifier>
    </Filter>
    <Filter Include="external\ASURA\Util">
      <UniqueIdentifier>{99cd5571-7346-4fcb-897c-95ed545376d4}</UniqueIdentifier>
    </Filter>
    <Filter Include="external\ASURA\Math">
      <UniqueIdentifier>{2f9acc5b-2daa-48f6-9bb9-93fa1eae1ff5}</UniqueIdentifier>
    </Filter>
    <Filter Include="external\ASURA\Graphics">
      <UniqueIdentifier>{126025ad-4fd2-4dce-87f5-775710aa2111}</UniqueIdentifier>
    </Filter>
    <Filter Include="source_header\util">
      <UniqueIdentifier>{dad00362-aaa1-4f93-93bc-38fecff17e02}</UniqueIdentifier>
    </Filter>
  </ItemGroup>
  <ItemGroup>
    <None Include="ReadMe.txt" />
    <None Include="..\shader\canvas.sh">
      <Filter>shader</Filter>
    </None>
    <None Include="..\shader\commet.sh">
      <Filter>shader</Filter>
    </None>
    <None Include="..\shader\escape_game.sh">
      <Filter>shader</Filter>
    </None>
    <None Include="..\shader\gui.sh">
      <Filter>shader</Filter>
    </None>
    <None Include="..\shader\sidebyside.sh">
      <Filter>shader</Filter>
    </None>
    <None Include="..\shader\standard.sh">
      <Filter>shader</Filter>
    </None>
    <None Include="..\shader\gui_trans.sh">
      <Filter>shader</Filter>
    </None>
    <None Include="ASURA\Math\Matrix.inl">
      <Filter>external\ASURA\Math</Filter>
    </None>
    <None Include="ASURA\Math\Plane.inl">
      <Filter>external\ASURA\Math</Filter>
    </None>
    <None Include="ASURA\Math\Quaternion.inl">
      <Filter>external\ASURA\Math</Filter>
    </None>
    <None Include="ASURA\Math\Vector.inl">
      <Filter>external\ASURA\Math</Filter>
    </None>
    <None Include="ASURA\Math\Bounding.inl">
      <Filter>external\ASURA\Math</Filter>
    </None>
    <None Include="..\shader\xfile_notexture.sh">
      <Filter>shader</Filter>
    </None>
  </ItemGroup>
  <ItemGroup>
    <ClCompile Include="ASURA\Util\asdxModelUtil.cpp">
      <Filter>external\ASURA\Util</Filter>
    </ClCompile>
    <ClCompile Include="ASURA\Util\asTokenizer.cpp">
      <Filter>external\ASURA\Util</Filter>
    </ClCompile>
    <ClCompile Include="ASURA\Graphics\asdxShaderUtil.cpp">
      <Filter>external\ASURA\Graphics</Filter>
    </ClCompile>
    <ClCompile Include="ASURA\Graphics\asModelImpl.cpp">
      <Filter>external\ASURA\Graphics</Filter>
    </ClCompile>
    <ClCompile Include="ASURA\Graphics\asModelLoaderX.cpp">
      <Filter>external\ASURA\Graphics</Filter>
    </ClCompile>
    <ClCompile Include="ASURA\Graphics\asCamera.cpp">
      <Filter>external\ASURA\Graphics</Filter>
    </ClCompile>
    <ClCompile Include="implement\__under_construction\Dx11DirectionalLight.cpp">
      <Filter>source_header\__underground</Filter>
    </ClCompile>
    <ClCompile Include="implement\Camera\Dx11Camera.cpp">
      <Filter>source_header\camera</Filter>
    </ClCompile>
    <ClCompile Include="implement\Camera\Dx11CameraRift.cpp">
      <Filter>source_header\camera</Filter>
    </ClCompile>
    <ClCompile Include="implement\Camera\Dx11CameraSideBySide.cpp">
      <Filter>source_header\camera</Filter>
    </ClCompile>
    <ClCompile Include="implement\Camera\Dx11CameraSideBySideStandard.cpp">
      <Filter>source_header\camera</Filter>
    </ClCompile>
    <ClCompile Include="implement\Camera\Dx11CameraStandard.cpp">
      <Filter>source_header\camera</Filter>
    </ClCompile>
    <ClCompile Include="implement\Core\Dx11Context.cpp">
      <Filter>source_header\core</Filter>
    </ClCompile>
    <ClCompile Include="implement\Core\Dx11Scene.cpp">
      <Filter>source_header\core</Filter>
    </ClCompile>
    <ClCompile Include="implement\Effect\Dx11Effect.cpp">
      <Filter>source_header\effect</Filter>
    </ClCompile>
    <ClCompile Include="implement\Effect\Dx11EffectGUI.cpp">
      <Filter>source_header\effect</Filter>
    </ClCompile>
    <ClCompile Include="implement\Effect\Dx11EffectGUICanvas.cpp">
      <Filter>source_header\effect</Filter>
    </ClCompile>
    <ClCompile Include="implement\Effect\Dx11EffectGUIStandard.cpp">
      <Filter>source_header\effect</Filter>
    </ClCompile>
    <ClCompile Include="implement\Effect\Dx11EffectGUITrans.cpp">
      <Filter>source_header\effect</Filter>
    </ClCompile>
    <ClCompile Include="implement\Effect\Dx11EffectSideBySide.cpp">
      <Filter>source_header\effect</Filter>
    </ClCompile>
    <ClCompile Include="implement\Effect\Dx11EffectStandard.cpp">
      <Filter>source_header\effect</Filter>
    </ClCompile>
    <ClCompile Include="implement\Effect\Dx11EffectViewAround.cpp">
      <Filter>source_header\effect</Filter>
    </ClCompile>
    <ClCompile Include="implement\Object\Dx11Object.cpp">
      <Filter>source_header\object</Filter>
    </ClCompile>
    <ClCompile Include="implement\Object\Dx11ObjectDae.cpp">
      <Filter>source_header\object</Filter>
    </ClCompile>
    <ClCompile Include="implement\Object\Dx11ObjectDaeStdModel.cpp">
      <Filter>source_header\object</Filter>
    </ClCompile>
    <ClCompile Include="implement\Object\Dx11ObjectGUI.cpp">
      <Filter>source_header\object</Filter>
    </ClCompile>
    <ClCompile Include="implement\Object\Dx11ObjectGUICanvas.cpp">
      <Filter>source_header\object</Filter>
    </ClCompile>
    <ClCompile Include="implement\Object\Dx11ObjectGUIStandard.cpp">
      <Filter>source_header\object</Filter>
    </ClCompile>
    <ClCompile Include="implement\Object\Dx11ObjectGUIText.cpp">
      <Filter>source_header\object</Filter>
    </ClCompile>
    <ClCompile Include="implement\Object\Dx11ObjectParticle.cpp">
      <Filter>source_header\object</Filter>
    </ClCompile>
    <ClCompile Include="implement\Object\Dx11ObjectTargetTexture.cpp">
      <Filter>source_header\object</Filter>
    </ClCompile>
    <ClCompile Include="implement\Object\Dx11ObjectViewAround.cpp">
      <Filter>source_header\object</Filter>
    </ClCompile>
    <ClCompile Include="implement\Object\Dx11ObjectWaveFront.cpp">
      <Filter>source_header\object</Filter>
    </ClCompile>
    <ClCompile Include="implement\Motion\Dx11Motion.cpp">
      <Filter>source_header\motion</Filter>
    </ClCompile>
    <ClCompile Include="implement\Motion\Dx11MotionStandard.cpp">
      <Filter>source_header\motion</Filter>
    </ClCompile>
    <ClCompile Include="implement\Lens\Dx11Lens.cpp">
      <Filter>source_header\lens</Filter>
    </ClCompile>
    <ClCompile Include="implement\Lens\Dx11LensRift.cpp">
      <Filter>source_header\lens</Filter>
    </ClCompile>
    <ClCompile Include="implement\Lens\Dx11LensSideBySide.cpp">
      <Filter>source_header\lens</Filter>
    </ClCompile>
    <ClCompile Include="implement\Lens\Dx11LensSideBySideStandard.cpp">
      <Filter>source_header\lens</Filter>
    </ClCompile>
    <ClCompile Include="implement\Lens\Dx11LensStandard.cpp">
      <Filter>source_header\lens</Filter>
    </ClCompile>
    <ClCompile Include="implement\Object\Dx11XObject.cpp">
      <Filter>source_header\object</Filter>
    </ClCompile>
    <ClCompile Include="implement\Motion\Dx11XMotion.cpp">
      <Filter>source_header\motion</Filter>
    </ClCompile>
    <ClCompile Include="implement\Motion\Dx11XMotionManager.cpp">
      <Filter>source_header\motion</Filter>
    </ClCompile>
    <ClCompile Include="implement\Effect\Dx11XEffect.cpp">
      <Filter>source_header\effect</Filter>
    </ClCompile>
    <ClCompile Include="implement\Util\DDSTextureLoader.cpp">
      <Filter>source_header\util</Filter>
    </ClCompile>
    <ClCompile Include="implement\Util\ShaderCompilerWrapper.cpp">
      <Filter>source_header\util</Filter>
    </ClCompile>
  </ItemGroup>
  <ItemGroup>
    <ClInclude Include="ASURA\asDef.h">
      <Filter>external\ASURA</Filter>
    </ClInclude>
    <ClInclude Include="ASURA\asdxDemoApp.h">
      <Filter>external\ASURA</Filter>
    </ClInclude>
    <ClInclude Include="ASURA\asdxModelUtil.h">
      <Filter>external\ASURA</Filter>
    </ClInclude>
    <ClInclude Include="ASURA\asdxShaderUtil.h">
      <Filter>external\ASURA</Filter>
    </ClInclude>
    <ClInclude Include="ASURA\asMath.h">
      <Filter>external\ASURA</Filter>
    </ClInclude>
    <ClInclude Include="ASURA\asModel.h">
      <Filter>external\ASURA</Filter>
    </ClInclude>
    <ClInclude Include="ASURA\asTimer.h">
      <Filter>external\ASURA</Filter>
    </ClInclude>
    <ClInclude Include="ASURA\asTokenizer.h">
      <Filter>external\ASURA</Filter>
    </ClInclude>
    <ClInclude Include="ASURA\asCamera.h">
      <Filter>external\ASURA</Filter>
    </ClInclude>
    <ClInclude Include="ASURA\Graphics\asModelImpl.h">
      <Filter>external\ASURA\Graphics</Filter>
    </ClInclude>
    <ClInclude Include="ASURA\Graphics\asModelLoaderX.h">
      <Filter>external\ASURA\Graphics</Filter>
    </ClInclude>
    <ClInclude Include="common\DX11Util\Object\Dx11Object.h">
      <Filter>source_header\object</Filter>
    </ClInclude>
    <ClInclude Include="common\DX11Util\Object\Dx11ObjectDae.h">
      <Filter>source_header\object</Filter>
    </ClInclude>
    <ClInclude Include="common\DX11Util\Object\Dx11ObjectDaeStdModel.h">
      <Filter>source_header\object</Filter>
    </ClInclude>
    <ClInclude Include="common\DX11Util\Object\Dx11ObjectGUI.h">
      <Filter>source_header\object</Filter>
    </ClInclude>
    <ClInclude Include="common\DX11Util\Object\Dx11ObjectGUICanvas.h">
      <Filter>source_header\object</Filter>
    </ClInclude>
    <ClInclude Include="common\DX11Util\Object\Dx11ObjectGUIStandard.h">
      <Filter>source_header\object</Filter>
    </ClInclude>
    <ClInclude Include="common\DX11Util\Object\Dx11ObjectGUIText.h">
      <Filter>source_header\object</Filter>
    </ClInclude>
    <ClInclude Include="common\DX11Util\Object\Dx11ObjectParticle.h">
      <Filter>source_header\object</Filter>
    </ClInclude>
    <ClInclude Include="common\DX11Util\Object\Dx11ObjectTargetTexture.h">
      <Filter>source_header\object</Filter>
    </ClInclude>
    <ClInclude Include="common\DX11Util\Object\Dx11ObjectViewAround.h">
      <Filter>source_header\object</Filter>
    </ClInclude>
    <ClInclude Include="common\DX11Util\Object\Dx11ObjectWaveFront.h">
      <Filter>source_header\object</Filter>
    </ClInclude>
    <ClInclude Include="common\DX11Util\Motion\Dx11Motion.h">
      <Filter>source_header\motion</Filter>
    </ClInclude>
    <ClInclude Include="common\DX11Util\Motion\Dx11MotionStandard.h">
      <Filter>source_header\motion</Filter>
    </ClInclude>
    <ClInclude Include="common\DX11Util\Lens\Dx11Lens.h">
      <Filter>source_header\lens</Filter>
    </ClInclude>
    <ClInclude Include="common\DX11Util\Lens\Dx11LensRift.h">
      <Filter>source_header\lens</Filter>
    </ClInclude>
    <ClInclude Include="common\DX11Util\Lens\Dx11LensSideBySide.h">
      <Filter>source_header\lens</Filter>
    </ClInclude>
    <ClInclude Include="common\DX11Util\Lens\Dx11LensSideBySideStandard.h">
      <Filter>source_header\lens</Filter>
    </ClInclude>
    <ClInclude Include="common\DX11Util\Lens\Dx11LensStandard.h">
      <Filter>source_header\lens</Filter>
    </ClInclude>
    <ClInclude Include="common\DX11Util\Effect\Dx11Effect.h">
      <Filter>source_header\effect</Filter>
    </ClInclude>
    <ClInclude Include="common\DX11Util\Effect\Dx11EffectGUI.h">
      <Filter>source_header\effect</Filter>
    </ClInclude>
    <ClInclude Include="common\DX11Util\Effect\Dx11EffectGUICanvas.h">
      <Filter>source_header\effect</Filter>
    </ClInclude>
    <ClInclude Include="common\DX11Util\Effect\Dx11EffectGUIStandard.h">
      <Filter>source_header\effect</Filter>
    </ClInclude>
    <ClInclude Include="common\DX11Util\Effect\Dx11EffectGUITrans.h">
      <Filter>source_header\effect</Filter>
    </ClInclude>
    <ClInclude Include="common\DX11Util\Effect\Dx11EffectSideBySide.h">
      <Filter>source_header\effect</Filter>
    </ClInclude>
    <ClInclude Include="common\DX11Util\Effect\Dx11EffectStandard.h">
      <Filter>source_header\effect</Filter>
    </ClInclude>
    <ClInclude Include="common\DX11Util\Effect\Dx11EffectViewAround.h">
      <Filter>source_header\effect</Filter>
    </ClInclude>
    <ClInclude Include="common\DX11Util\Core\Dx11Context.h">
      <Filter>source_header\core</Filter>
    </ClInclude>
    <ClInclude Include="common\DX11Util\Core\Dx11Scene.h">
      <Filter>source_header\core</Filter>
    </ClInclude>
    <ClInclude Include="common\DX11Util\Camera\Dx11Camera.h">
      <Filter>source_header\camera</Filter>
    </ClInclude>
    <ClInclude Include="common\DX11Util\Camera\Dx11CameraRift.h">
      <Filter>source_header\camera</Filter>
    </ClInclude>
    <ClInclude Include="common\DX11Util\Camera\Dx11CameraSideBySide.h">
      <Filter>source_header\camera</Filter>
    </ClInclude>
    <ClInclude Include="common\DX11Util\Camera\Dx11CameraSideBySideStandard.h">
      <Filter>source_header\camera</Filter>
    </ClInclude>
    <ClInclude Include="common\DX11Util\Camera\Dx11CameraStandard.h">
      <Filter>source_header\camera</Filter>
    </ClInclude>
    <ClInclude Include="common\DX11Util\__under_construction\Dx11DirectionalLight.h">
      <Filter>source_header\__underground</Filter>
    </ClInclude>
    <ClInclude Include="common\DX11Util\__under_construction\Dx11Index.h">
      <Filter>source_header\__underground</Filter>
    </ClInclude>
    <ClInclude Include="common\DX11Util\__under_construction\Dx11Vertex.h">
      <Filter>source_header\__underground</Filter>
    </ClInclude>
    <ClInclude Include="common\DX11Util\Motion\Dx11XMotion.h">
      <Filter>source_header\motion</Filter>
    </ClInclude>
    <ClInclude Include="common\DX11Util\Motion\Dx11XMotionManager.h">
      <Filter>source_header\motion</Filter>
    </ClInclude>
    <ClInclude Include="common\DX11Util\Object\Dx11XObject.h">
      <Filter>source_header\object</Filter>
    </ClInclude>
    <ClInclude Include="common\DX11Util\Effect\Dx11XEffect.h">
      <Filter>source_header\effect</Filter>
    </ClInclude>
    <ClInclude Include="include\ShaderCompilerWrapper.h">
      <Filter>source_header\util</Filter>
    </ClInclude>
    <ClInclude Include="include\DDSTextureLoader.h">
      <Filter>source_header\util</Filter>
    </ClInclude>
  </ItemGroup>
</Project>